
Microsoft Visual Studio Solution File, Format Version 12.00
# Visual Studio Version 16
VisualStudioVersion = 16.0.30804.86
MinimumVisualStudioVersion = 10.0.40219.1
Project("{2150E333-8FDC-42A3-9474-1A3956D46DE8}") = "1 - Application", "1 - Application", "{5FA1C38A-B128-4151-9F9C-434DAC985437}"
EndProject
Project("{2150E333-8FDC-42A3-9474-1A3956D46DE8}") = "2 - Services", "2 - Services", "{E1F0CC6C-1B8F-4464-950B-E0C2EB831079}"
EndProject
Project("{2150E333-8FDC-42A3-9474-1A3956D46DE8}") = "3 - Domain", "3 - Domain", "{0E8B8527-676F-47AA-9D55-3688E7321699}"
EndProject
Project("{2150E333-8FDC-42A3-9474-1A3956D46DE8}") = "4 - Infra", "4 - Infra", "{3DD9B39D-1A4E-43DF-A3A7-2687CA3C3172}"
EndProject
Project("{2150E333-8FDC-42A3-9474-1A3956D46DE8}") = "5 - Integration", "5 - Integration", "{50E6FC29-B820-4F76-A32F-48B1812EDACD}"
EndProject
Project("{2150E333-8FDC-42A3-9474-1A3956D46DE8}") = "6 - Test", "6 - Test", "{EBE46226-ACA0-4B7F-A323-4D7733C39E0E}"
EndProject
Project("{FAE04EC0-301F-11D3-BF4B-00C04F79EFBC}") = "CourseSignUp.Application", "CourseSignUp.Application\CourseSignUp.Application.csproj", "{D2765514-4795-4780-A012-53C451C459F7}"
EndProject
Project("{FAE04EC0-301F-11D3-BF4B-00C04F79EFBC}") = "CourseSignUp.Services", "CourseSignUp.Services\CourseSignUp.Services.csproj", "{CD716EEA-D52B-4088-A421-56D54A69260A}"
EndProject
Project("{FAE04EC0-301F-11D3-BF4B-00C04F79EFBC}") = "CourseSignUp.Domain", "CourseSignUp.Domain\CourseSignUp.Domain.csproj", "{16741BFB-1F18-49ED-9872-C8FA1CD3E8CB}"
EndProject
Project("{FAE04EC0-301F-11D3-BF4B-00C04F79EFBC}") = "CourseSignUp.Infra", "CourseSignUp.Infra\CourseSignUp.Infra.csproj", "{4C4E9EBF-5EDE-487A-8345-9F02810B146A}"
EndProject
Project("{FAE04EC0-301F-11D3-BF4B-00C04F79EFBC}") = "CourseSignUp.SendMQ", "CourseSignUp.SendMQ\CourseSignUp.SendMQ.csproj", "{7FD07757-AAA6-4C98-BC79-8E69C8606C74}"
EndProject
Project("{FAE04EC0-301F-11D3-BF4B-00C04F79EFBC}") = "CourseSignUp.ReceiveMQ", "CourseSignUp.ReceiveMQ\CourseSignUp.ReceiveMQ.csproj", "{E84B3FC2-BAE5-4721-9BC6-D182FC630BD8}"
EndProject
Global
	GlobalSection(SolutionConfigurationPlatforms) = preSolution
		Debug|Any CPU = Debug|Any CPU
		Release|Any CPU = Release|Any CPU
	EndGlobalSection
	GlobalSection(ProjectConfigurationPlatforms) = postSolution
		{D2765514-4795-4780-A012-53C451C459F7}.Debug|Any CPU.ActiveCfg = Debug|Any CPU
		{D2765514-4795-4780-A012-53C451C459F7}.Debug|Any CPU.Build.0 = Debug|Any CPU
		{D2765514-4795-4780-A012-53C451C459F7}.Release|Any CPU.ActiveCfg = Release|Any CPU
		{D2765514-4795-4780-A012-53C451C459F7}.Release|Any CPU.Build.0 = Release|Any CPU
		{CD716EEA-D52B-4088-A421-56D54A69260A}.Debug|Any CPU.ActiveCfg = Debug|Any CPU
		{CD716EEA-D52B-4088-A421-56D54A69260A}.Debug|Any CPU.Build.0 = Debug|Any CPU
		{CD716EEA-D52B-4088-A421-56D54A69260A}.Release|Any CPU.ActiveCfg = Release|Any CPU
		{CD716EEA-D52B-4088-A421-56D54A69260A}.Release|Any CPU.Build.0 = Release|Any CPU
		{16741BFB-1F18-49ED-9872-C8FA1CD3E8CB}.Debug|Any CPU.ActiveCfg = Debug|Any CPU
		{16741BFB-1F18-49ED-9872-C8FA1CD3E8CB}.Debug|Any CPU.Build.0 = Debug|Any CPU
		{16741BFB-1F18-49ED-9872-C8FA1CD3E8CB}.Release|Any CPU.ActiveCfg = Release|Any CPU
		{16741BFB-1F18-49ED-9872-C8FA1CD3E8CB}.Release|Any CPU.Build.0 = Release|Any CPU
		{4C4E9EBF-5EDE-487A-8345-9F02810B146A}.Debug|Any CPU.ActiveCfg = Debug|Any CPU
		{4C4E9EBF-5EDE-487A-8345-9F02810B146A}.Debug|Any CPU.Build.0 = Debug|Any CPU
		{4C4E9EBF-5EDE-487A-8345-9F02810B146A}.Release|Any CPU.ActiveCfg = Release|Any CPU
		{4C4E9EBF-5EDE-487A-8345-9F02810B146A}.Release|Any CPU.Build.0 = Release|Any CPU
		{7FD07757-AAA6-4C98-BC79-8E69C8606C74}.Debug|Any CPU.ActiveCfg = Debug|Any CPU
		{7FD07757-AAA6-4C98-BC79-8E69C8606C74}.Debug|Any CPU.Build.0 = Debug|Any CPU
		{7FD07757-AAA6-4C98-BC79-8E69C8606C74}.Release|Any CPU.ActiveCfg = Release|Any CPU
		{7FD07757-AAA6-4C98-BC79-8E69C8606C74}.Release|Any CPU.Build.0 = Release|Any CPU
		{E84B3FC2-BAE5-4721-9BC6-D182FC630BD8}.Debug|Any CPU.ActiveCfg = Debug|Any CPU
		{E84B3FC2-BAE5-4721-9BC6-D182FC630BD8}.Debug|Any CPU.Build.0 = Debug|Any CPU
		{E84B3FC2-BAE5-4721-9BC6-D182FC630BD8}.Release|Any CPU.ActiveCfg = Release|Any CPU
		{E84B3FC2-BAE5-4721-9BC6-D182FC630BD8}.Release|Any CPU.Build.0 = Release|Any CPU
	EndGlobalSection
	GlobalSection(SolutionProperties) = preSolution
		HideSolutionNode = FALSE
	EndGlobalSection
	GlobalSection(NestedProjects) = preSolution
		{D2765514-4795-4780-A012-53C451C459F7} = {5FA1C38A-B128-4151-9F9C-434DAC985437}
		{CD716EEA-D52B-4088-A421-56D54A69260A} = {E1F0CC6C-1B8F-4464-950B-E0C2EB831079}
		{16741BFB-1F18-49ED-9872-C8FA1CD3E8CB} = {0E8B8527-676F-47AA-9D55-3688E7321699}
		{4C4E9EBF-5EDE-487A-8345-9F02810B146A} = {3DD9B39D-1A4E-43DF-A3A7-2687CA3C3172}
		{7FD07757-AAA6-4C98-BC79-8E69C8606C74} = {50E6FC29-B820-4F76-A32F-48B1812EDACD}
		{E84B3FC2-BAE5-4721-9BC6-D182FC630BD8} = {50E6FC29-B820-4F76-A32F-48B1812EDACD}
	EndGlobalSection
	GlobalSection(ExtensibilityGlobals) = postSolution
		SolutionGuid = {FBD3A691-C97B-4369-BF4E-EBB2426AC9D6}
	EndGlobalSection
EndGlobal
