
Microsoft Visual Studio Solution File, Format Version 12.00
# Visual Studio Version 16
VisualStudioVersion = 16.0.30717.126
MinimumVisualStudioVersion = 10.0.40219.1
Project("{9A19103F-16F7-4668-BE54-9A1E7A4F7556}") = "CourseSignUP", "CourseSignUP\CourseSignUP.csproj", "{6FB90C33-A52B-4E61-BF09-98C403178EC9}"
EndProject
Project("{9A19103F-16F7-4668-BE54-9A1E7A4F7556}") = "XUnitTestCourseSignUP", "XUnitTestCourseSignUP\XUnitTestCourseSignUP.csproj", "{EBAAEBE7-BA97-4462-B2A2-E82C6AF112DC}"
EndProject
Project("{2150E333-8FDC-42A3-9474-1A3956D46DE8}") = "1 - Services", "1 - Services", "{8A80F4FD-14A7-488E-B0CD-E55889FCB081}"
EndProject
Project("{2150E333-8FDC-42A3-9474-1A3956D46DE8}") = "2 - Application", "2 - Application", "{0D10B613-CC0A-4399-89D2-FAFCD6076ABF}"
EndProject
Project("{2150E333-8FDC-42A3-9474-1A3956D46DE8}") = "3 - Domain", "3 - Domain", "{61F1A95B-EF62-43B5-94C5-FDB44E59C565}"
EndProject
Project("{2150E333-8FDC-42A3-9474-1A3956D46DE8}") = "4 - Infra", "4 - Infra", "{4BEA1A86-6440-4431-9F4F-8307CACF1988}"
EndProject
Project("{2150E333-8FDC-42A3-9474-1A3956D46DE8}") = "5 - Integration", "5 - Integration", "{3798FEFB-EC98-463D-A2AA-FD98AA51777C}"
EndProject
Project("{FAE04EC0-301F-11D3-BF4B-00C04F79EFBC}") = "CourseSignUP.Application", "CourseSignUP.Application\CourseSignUP.Application.csproj", "{3CF8D869-FD82-4FA1-B13E-B90E5D2B3ACF}"
EndProject
Project("{FAE04EC0-301F-11D3-BF4B-00C04F79EFBC}") = "CourseSignUP.Domain", "CourseSignUP.Domain\CourseSignUP.Domain.csproj", "{C16068F4-7C9B-4B6C-998B-9644B821E022}"
EndProject
Project("{FAE04EC0-301F-11D3-BF4B-00C04F79EFBC}") = "CourseSignUP.Infra", "CourseSignUP.Infra\CourseSignUP.Infra.csproj", "{BD8B59E5-4311-432A-817A-7F2B16ED04B6}"
EndProject
Project("{FAE04EC0-301F-11D3-BF4B-00C04F79EFBC}") = "SignUP.Producer.Fila", "SignUP.Producer.Fila\SignUP.Producer.Fila.csproj", "{8F0E1508-5CD0-49E8-A6C5-F885430138D4}"
EndProject
Project("{FAE04EC0-301F-11D3-BF4B-00C04F79EFBC}") = "CourseSignUP.Receiver.Fila", "CourseSignUP.Receiver.Fila\CourseSignUP.Receiver.Fila.csproj", "{866A9123-5016-4FD7-AF69-F94EA45DF4C3}"
EndProject
Global
	GlobalSection(SolutionConfigurationPlatforms) = preSolution
		Debug|Any CPU = Debug|Any CPU
		Release|Any CPU = Release|Any CPU
	EndGlobalSection
	GlobalSection(ProjectConfigurationPlatforms) = postSolution
		{6FB90C33-A52B-4E61-BF09-98C403178EC9}.Debug|Any CPU.ActiveCfg = Debug|Any CPU
		{6FB90C33-A52B-4E61-BF09-98C403178EC9}.Debug|Any CPU.Build.0 = Debug|Any CPU
		{6FB90C33-A52B-4E61-BF09-98C403178EC9}.Release|Any CPU.ActiveCfg = Release|Any CPU
		{6FB90C33-A52B-4E61-BF09-98C403178EC9}.Release|Any CPU.Build.0 = Release|Any CPU
		{EBAAEBE7-BA97-4462-B2A2-E82C6AF112DC}.Debug|Any CPU.ActiveCfg = Debug|Any CPU
		{EBAAEBE7-BA97-4462-B2A2-E82C6AF112DC}.Debug|Any CPU.Build.0 = Debug|Any CPU
		{EBAAEBE7-BA97-4462-B2A2-E82C6AF112DC}.Release|Any CPU.ActiveCfg = Release|Any CPU
		{EBAAEBE7-BA97-4462-B2A2-E82C6AF112DC}.Release|Any CPU.Build.0 = Release|Any CPU
		{3CF8D869-FD82-4FA1-B13E-B90E5D2B3ACF}.Debug|Any CPU.ActiveCfg = Debug|Any CPU
		{3CF8D869-FD82-4FA1-B13E-B90E5D2B3ACF}.Debug|Any CPU.Build.0 = Debug|Any CPU
		{3CF8D869-FD82-4FA1-B13E-B90E5D2B3ACF}.Release|Any CPU.ActiveCfg = Release|Any CPU
		{3CF8D869-FD82-4FA1-B13E-B90E5D2B3ACF}.Release|Any CPU.Build.0 = Release|Any CPU
		{C16068F4-7C9B-4B6C-998B-9644B821E022}.Debug|Any CPU.ActiveCfg = Debug|Any CPU
		{C16068F4-7C9B-4B6C-998B-9644B821E022}.Debug|Any CPU.Build.0 = Debug|Any CPU
		{C16068F4-7C9B-4B6C-998B-9644B821E022}.Release|Any CPU.ActiveCfg = Release|Any CPU
		{C16068F4-7C9B-4B6C-998B-9644B821E022}.Release|Any CPU.Build.0 = Release|Any CPU
		{BD8B59E5-4311-432A-817A-7F2B16ED04B6}.Debug|Any CPU.ActiveCfg = Debug|Any CPU
		{BD8B59E5-4311-432A-817A-7F2B16ED04B6}.Debug|Any CPU.Build.0 = Debug|Any CPU
		{BD8B59E5-4311-432A-817A-7F2B16ED04B6}.Release|Any CPU.ActiveCfg = Release|Any CPU
		{BD8B59E5-4311-432A-817A-7F2B16ED04B6}.Release|Any CPU.Build.0 = Release|Any CPU
		{8F0E1508-5CD0-49E8-A6C5-F885430138D4}.Debug|Any CPU.ActiveCfg = Debug|Any CPU
		{8F0E1508-5CD0-49E8-A6C5-F885430138D4}.Debug|Any CPU.Build.0 = Debug|Any CPU
		{8F0E1508-5CD0-49E8-A6C5-F885430138D4}.Release|Any CPU.ActiveCfg = Release|Any CPU
		{8F0E1508-5CD0-49E8-A6C5-F885430138D4}.Release|Any CPU.Build.0 = Release|Any CPU
		{866A9123-5016-4FD7-AF69-F94EA45DF4C3}.Debug|Any CPU.ActiveCfg = Debug|Any CPU
		{866A9123-5016-4FD7-AF69-F94EA45DF4C3}.Debug|Any CPU.Build.0 = Debug|Any CPU
		{866A9123-5016-4FD7-AF69-F94EA45DF4C3}.Release|Any CPU.ActiveCfg = Release|Any CPU
		{866A9123-5016-4FD7-AF69-F94EA45DF4C3}.Release|Any CPU.Build.0 = Release|Any CPU
	EndGlobalSection
	GlobalSection(SolutionProperties) = preSolution
		HideSolutionNode = FALSE
	EndGlobalSection
	GlobalSection(NestedProjects) = preSolution
		{6FB90C33-A52B-4E61-BF09-98C403178EC9} = {8A80F4FD-14A7-488E-B0CD-E55889FCB081}
		{3CF8D869-FD82-4FA1-B13E-B90E5D2B3ACF} = {0D10B613-CC0A-4399-89D2-FAFCD6076ABF}
		{C16068F4-7C9B-4B6C-998B-9644B821E022} = {61F1A95B-EF62-43B5-94C5-FDB44E59C565}
		{BD8B59E5-4311-432A-817A-7F2B16ED04B6} = {4BEA1A86-6440-4431-9F4F-8307CACF1988}
		{8F0E1508-5CD0-49E8-A6C5-F885430138D4} = {3798FEFB-EC98-463D-A2AA-FD98AA51777C}
		{866A9123-5016-4FD7-AF69-F94EA45DF4C3} = {3798FEFB-EC98-463D-A2AA-FD98AA51777C}
	EndGlobalSection
	GlobalSection(ExtensibilityGlobals) = postSolution
		SolutionGuid = {F6D28D5E-093F-4137-B9AA-B8D048F2C3DD}
	EndGlobalSection
EndGlobal
