
Microsoft Visual Studio Solution File, Format Version 12.00
# Visual Studio Version 16
VisualStudioVersion = 16.0.30717.126
MinimumVisualStudioVersion = 10.0.40219.1
Project("{9A19103F-16F7-4668-BE54-9A1E7A4F7556}") = "CourseSignUP", "CourseSignUP\CourseSignUP.csproj", "{6FB90C33-A52B-4E61-BF09-98C403178EC9}"
EndProject
Project("{9A19103F-16F7-4668-BE54-9A1E7A4F7556}") = "XUnitTestCourseSignUP", "XUnitTestCourseSignUP\XUnitTestCourseSignUP.csproj", "{EBAAEBE7-BA97-4462-B2A2-E82C6AF112DC}"
EndProject
Global
	GlobalSection(SolutionConfigurationPlatforms) = preSolution
		Debug|Any CPU = Debug|Any CPU
		Release|Any CPU = Release|Any CPU
	EndGlobalSection
	GlobalSection(ProjectConfigurationPlatforms) = postSolution
		{6FB90C33-A52B-4E61-BF09-98C403178EC9}.Debug|Any CPU.ActiveCfg = Debug|Any CPU
		{6FB90C33-A52B-4E61-BF09-98C403178EC9}.Debug|Any CPU.Build.0 = Debug|Any CPU
		{6FB90C33-A52B-4E61-BF09-98C403178EC9}.Release|Any CPU.ActiveCfg = Release|Any CPU
		{6FB90C33-A52B-4E61-BF09-98C403178EC9}.Release|Any CPU.Build.0 = Release|Any CPU
		{EBAAEBE7-BA97-4462-B2A2-E82C6AF112DC}.Debug|Any CPU.ActiveCfg = Debug|Any CPU
		{EBAAEBE7-BA97-4462-B2A2-E82C6AF112DC}.Debug|Any CPU.Build.0 = Debug|Any CPU
		{EBAAEBE7-BA97-4462-B2A2-E82C6AF112DC}.Release|Any CPU.ActiveCfg = Release|Any CPU
		{EBAAEBE7-BA97-4462-B2A2-E82C6AF112DC}.Release|Any CPU.Build.0 = Release|Any CPU
	EndGlobalSection
	GlobalSection(SolutionProperties) = preSolution
		HideSolutionNode = FALSE
	EndGlobalSection
	GlobalSection(ExtensibilityGlobals) = postSolution
		SolutionGuid = {F6D28D5E-093F-4137-B9AA-B8D048F2C3DD}
	EndGlobalSection
EndGlobal
